{
  "name": "@ishaan812/devlog",
  "version": "0.1.0",
  "lockfileVersion": 3,
  "requires": true,
  "packages": {
    "": {
      "name": "@ishaan812/devlog",
      "version": "0.1.0",
      "hasInstallScript": true,
      "license": "MIT",
      "bin": {
        "devlog": "bin/devlog-wrapper.js"
      },
      "engines": {
        "node": ">=14"
      }
    }
  }
}
